
Microsoft Visual Studio Solution File, Format Version 12.00
# Visual Studio Version 17
VisualStudioVersion = 17.5.33530.505
MinimumVisualStudioVersion = 10.0.40219.1
Project("{9A19103F-16F7-4668-BE54-9A1E7A4F7556}") = "Name Sorter", "NameSorter\Name Sorter.csproj", "{452FED14-5CAF-4E02-B624-20060E43B63D}"
EndProject
Project("{9A19103F-16F7-4668-BE54-9A1E7A4F7556}") = "NameSorter_NUnitTest", "NameSorter_NUnitTest\NameSorter_NUnitTest.csproj", "{A0853064-38AB-486D-B7C8-841A10723626}"
EndProject
Global
	GlobalSection(SolutionConfigurationPlatforms) = preSolution
		Debug|Any CPU = Debug|Any CPU
		Release|Any CPU = Release|Any CPU
	EndGlobalSection
	GlobalSection(ProjectConfigurationPlatforms) = postSolution
		{452FED14-5CAF-4E02-B624-20060E43B63D}.Debug|Any CPU.ActiveCfg = Debug|Any CPU
		{452FED14-5CAF-4E02-B624-20060E43B63D}.Debug|Any CPU.Build.0 = Debug|Any CPU
		{452FED14-5CAF-4E02-B624-20060E43B63D}.Release|Any CPU.ActiveCfg = Release|Any CPU
		{452FED14-5CAF-4E02-B624-20060E43B63D}.Release|Any CPU.Build.0 = Release|Any CPU
		{A0853064-38AB-486D-B7C8-841A10723626}.Debug|Any CPU.ActiveCfg = Debug|Any CPU
		{A0853064-38AB-486D-B7C8-841A10723626}.Debug|Any CPU.Build.0 = Debug|Any CPU
		{A0853064-38AB-486D-B7C8-841A10723626}.Release|Any CPU.ActiveCfg = Release|Any CPU
		{A0853064-38AB-486D-B7C8-841A10723626}.Release|Any CPU.Build.0 = Release|Any CPU
	EndGlobalSection
	GlobalSection(SolutionProperties) = preSolution
		HideSolutionNode = FALSE
	EndGlobalSection
	GlobalSection(ExtensibilityGlobals) = postSolution
		SolutionGuid = {F377EFBC-5170-4A96-A3F6-046BD06255DC}
	EndGlobalSection
EndGlobal
